
Microsoft Visual Studio Solution File, Format Version 12.00
# Visual Studio Version 17
VisualStudioVersion = 17.5.002.0
MinimumVisualStudioVersion = 10.0.40219.1
Project("{9A19103F-16F7-4668-BE54-9A1E7A4F7556}") = "FistrGH", "Fistr.GH\Fistr.GH.csproj", "{700B53C0-5BF1-41DF-9C51-0B3BBB5D7F6A}"
EndProject
Project("{FAE04EC0-301F-11D3-BF4B-00C04F79EFBC}") = "Fistr.Core", "Fistr.Core\Fistr.Core.csproj", "{E4B4C7C7-9756-43A5-88B9-928A024B335D}"
EndProject
Global
	GlobalSection(SolutionConfigurationPlatforms) = preSolution
		Debug|Any CPU = Debug|Any CPU
		Release|Any CPU = Release|Any CPU
	EndGlobalSection
	GlobalSection(ProjectConfigurationPlatforms) = postSolution
		{700B53C0-5BF1-41DF-9C51-0B3BBB5D7F6A}.Debug|Any CPU.ActiveCfg = Debug|Any CPU
		{700B53C0-5BF1-41DF-9C51-0B3BBB5D7F6A}.Debug|Any CPU.Build.0 = Debug|Any CPU
		{700B53C0-5BF1-41DF-9C51-0B3BBB5D7F6A}.Release|Any CPU.ActiveCfg = Release|Any CPU
		{700B53C0-5BF1-41DF-9C51-0B3BBB5D7F6A}.Release|Any CPU.Build.0 = Release|Any CPU
		{E4B4C7C7-9756-43A5-88B9-928A024B335D}.Debug|Any CPU.ActiveCfg = Debug|Any CPU
		{E4B4C7C7-9756-43A5-88B9-928A024B335D}.Debug|Any CPU.Build.0 = Debug|Any CPU
		{E4B4C7C7-9756-43A5-88B9-928A024B335D}.Release|Any CPU.ActiveCfg = Release|Any CPU
		{E4B4C7C7-9756-43A5-88B9-928A024B335D}.Release|Any CPU.Build.0 = Release|Any CPU
	EndGlobalSection
	GlobalSection(SolutionProperties) = preSolution
		HideSolutionNode = FALSE
	EndGlobalSection
	GlobalSection(ExtensibilityGlobals) = postSolution
		SolutionGuid = {EECF3F6B-932E-4EAF-A8FA-F826A00DA887}
	EndGlobalSection
EndGlobal
